// !$*UTF8*$!
{
	archiveVersion = 1;
	classes = {
	};
	objectVersion = 46;
	objects = {

/* Begin PBXBuildFile section */
		93E444B61BC0E563006854A1 /* AppDelegate.swift in Sources */ = {isa = PBXBuildFile; fileRef = 93E444B51BC0E563006854A1 /* AppDelegate.swift */; };
		93E444B81BC0E563006854A1 /* ViewController.swift in Sources */ = {isa = PBXBuildFile; fileRef = 93E444B71BC0E563006854A1 /* ViewController.swift */; };
		93E444BA1BC0E563006854A1 /* Assets.xcassets in Resources */ = {isa = PBXBuildFile; fileRef = 93E444B91BC0E563006854A1 /* Assets.xcassets */; };
		93E444BD1BC0E563006854A1 /* Main.storyboard in Resources */ = {isa = PBXBuildFile; fileRef = 93E444BB1BC0E563006854A1 /* Main.storyboard */; };
/* End PBXBuildFile section */

/* Begin PBXFileReference section */
		93E444B21BC0E563006854A1 /* 中文转拼音实用工具.app */ = {isa = PBXFileReference; explicitFileType = wrapper.application; includeInIndex = 0; path = "中文转拼音实用工具.app"; sourceTree = BUILT_PRODUCTS_DIR; };
		93E444B51BC0E563006854A1 /* AppDelegate.swift */ = {isa = PBXFileReference; lastKnownFileType = sourcecode.swift; path = AppDelegate.swift; sourceTree = "<group>"; };
		93E444B71BC0E563006854A1 /* ViewController.swift */ = {isa = PBXFileReference; lastKnownFileType = sourcecode.swift; path = ViewController.swift; sourceTree = "<group>"; };
		93E444B91BC0E563006854A1 /* Assets.xcassets */ = {isa = PBXFileReference; lastKnownFileType = folder.assetcatalog; path = Assets.xcassets; sourceTree = "<group>"; };
		93E444BC1BC0E563006854A1 /* Base */ = {isa = PBXFileReference; lastKnownFileType = file.storyboard; name = Base; path = Base.lproj/Main.storyboard; sourceTree = "<group>"; };
		93E444BE1BC0E563006854A1 /* Info.plist */ = {isa = PBXFileReference; lastKnownFileType = text.plist.xml; path = Info.plist; sourceTree = "<group>"; };
/* End PBXFileReference section */

/* Begin PBXFrameworksBuildPhase section */
		93E444AF1BC0E563006854A1 /* Frameworks */ = {
			isa = PBXFrameworksBuildPhase;
			buildActionMask = 2147483647;
			files = (
			);
			runOnlyForDeploymentPostprocessing = 0;
		};
/* End PBXFrameworksBuildPhase section */

/* Begin PBXGroup section */
		93E444A91BC0E563006854A1 = {
			isa = PBXGroup;
			children = (
				93E444B41BC0E563006854A1 /* ChineseConverter */,
				93E444B31BC0E563006854A1 /* Products */,
			);
			sourceTree = "<group>";
		};
		93E444B31BC0E563006854A1 /* Products */ = {
			isa = PBXGroup;
			children = (
				93E444B21BC0E563006854A1 /* 中文转拼音实用工具.app */,
			);
			name = Products;
			sourceTree = "<group>";
		};
		93E444B41BC0E563006854A1 /* ChineseConverter */ = {
			isa = PBXGroup;
			children = (
				93E444B51BC0E563006854A1 /* AppDelegate.swift */,
				93E444B71BC0E563006854A1 /* ViewController.swift */,
				93E444B91BC0E563006854A1 /* Assets.xcassets */,
				93E444BB1BC0E563006854A1 /* Main.storyboard */,
				93E444BE1BC0E563006854A1 /* Info.plist */,
			);
			path = ChineseConverter;
			sourceTree = "<group>";
		};
/* End PBXGroup section */

/* Begin PBXNativeTarget section */
		93E444B11BC0E563006854A1 /* 中文转拼音实用工具 */ = {
			isa = PBXNativeTarget;
			buildConfigurationList = 93E444C11BC0E563006854A1 /* Build configuration list for PBXNativeTarget "中文转拼音实用工具" */;
			buildPhases = (
				93E444AE1BC0E563006854A1 /* Sources */,
				93E444AF1BC0E563006854A1 /* Frameworks */,
				93E444B01BC0E563006854A1 /* Resources */,
			);
			buildRules = (
			);
			dependencies = (
			);
			name = "中文转拼音实用工具";
			productName = ChineseConverter;
			productReference = 93E444B21BC0E563006854A1 /* 中文转拼音实用工具.app */;
			productType = "com.apple.product-type.application";
		};
/* End PBXNativeTarget section */

/* Begin PBXProject section */
		93E444AA1BC0E563006854A1 /* Project object */ = {
			isa = PBXProject;
			attributes = {
				LastUpgradeCheck = 0700;
				ORGANIZATIONNAME = TurboExtension;
				TargetAttributes = {
					93E444B11BC0E563006854A1 = {
						CreatedOnToolsVersion = 7.0.1;
					};
				};
			};
			buildConfigurationList = 93E444AD1BC0E563006854A1 /* Build configuration list for PBXProject "ChineseConverter" */;
			compatibilityVersion = "Xcode 3.2";
			developmentRegion = English;
			hasScannedForEncodings = 0;
			knownRegions = (
				en,
				Base,
			);
			mainGroup = 93E444A91BC0E563006854A1;
			productRefGroup = 93E444B31BC0E563006854A1 /* Products */;
			projectDirPath = "";
			projectRoot = "";
			targets = (
				93E444B11BC0E563006854A1 /* 中文转拼音实用工具 */,
			);
		};
/* End PBXProject section */

/* Begin PBXResourcesBuildPhase section */
		93E444B01BC0E563006854A1 /* Resources */ = {
			isa = PBXResourcesBuildPhase;
			buildActionMask = 2147483647;
			files = (
				93E444BA1BC0E563006854A1 /* Assets.xcassets in Resources */,
				93E444BD1BC0E563006854A1 /* Main.storyboard in Resources */,
			);
			runOnlyForDeploymentPostprocessing = 0;
		};
/* End PBXResourcesBuildPhase section */

/* Begin PBXSourcesBuildPhase section */
		93E444AE1BC0E563006854A1 /* Sources */ = {
			isa = PBXSourcesBuildPhase;
			buildActionMask = 2147483647;
			files = (
				93E444B81BC0E563006854A1 /* ViewController.swift in Sources */,
				93E444B61BC0E563006854A1 /* AppDelegate.swift in Sources */,
			);
			runOnlyForDeploymentPostprocessing = 0;
		};
/* End PBXSourcesBuildPhase section */

/* Begin PBXVariantGroup section */
		93E444BB1BC0E563006854A1 /* Main.storyboard */ = {
			isa = PBXVariantGroup;
			children = (
				93E444BC1BC0E563006854A1 /* Base */,
			);
			name = Main.storyboard;
			sourceTree = "<group>";
		};
/* End PBXVariantGroup section */

/* Begin XCBuildConfiguration section */
		93E444BF1BC0E563006854A1 /* Debug */ = {
			isa = XCBuildConfiguration;
			buildSettings = {
				ALWAYS_SEARCH_USER_PATHS = NO;
				CLANG_CXX_LANGUAGE_STANDARD = "gnu++0x";
				CLANG_CXX_LIBRARY = "libc++";
				CLANG_ENABLE_MODULES = YES;
				CLANG_ENABLE_OBJC_ARC = YES;
				CLANG_WARN_BOOL_CONVERSION = YES;
				CLANG_WARN_CONSTANT_CONVERSION = YES;
				CLANG_WARN_DIRECT_OBJC_ISA_USAGE = YES_ERROR;
				CLANG_WARN_EMPTY_BODY = YES;
				CLANG_WARN_ENUM_CONVERSION = YES;
				CLANG_WARN_INT_CONVERSION = YES;
				CLANG_WARN_OBJC_ROOT_CLASS = YES_ERROR;
				CLANG_WARN_UNREACHABLE_CODE = YES;
				CLANG_WARN__DUPLICATE_METHOD_MATCH = YES;
				CODE_SIGN_IDENTITY = "-";
				COPY_PHASE_STRIP = NO;
				DEBUG_INFORMATION_FORMAT = dwarf;
				ENABLE_STRICT_OBJC_MSGSEND = YES;
				ENABLE_TESTABILITY = YES;
				GCC_C_LANGUAGE_STANDARD = gnu99;
				GCC_DYNAMIC_NO_PIC = NO;
				GCC_NO_COMMON_BLOCKS = YES;
				GCC_OPTIMIZATION_LEVEL = 0;
				GCC_PREPROCESSOR_DEFINITIONS = (
					"DEBUG=1",
					"$(inherited)",
				);
				GCC_WARN_64_TO_32_BIT_CONVERSION = YES;
				GCC_WARN_ABOUT_RETURN_TYPE = YES_ERROR;
				GCC_WARN_UNDECLARED_SELECTOR = YES;
				GCC_WARN_UNINITIALIZED_AUTOS = YES_AGGRESSIVE;
				GCC_WARN_UNUSED_FUNCTION = YES;
				GCC_WARN_UNUSED_VARIABLE = YES;
				MACOSX_DEPLOYMENT_TARGET = 10.11;
				MTL_ENABLE_DEBUG_INFO = YES;
				ONLY_ACTIVE_ARCH = YES;
				SDKROOT = macosx;
				SWIFT_OPTIMIZATION_LEVEL = "-Onone";
			};
			name = Debug;
		};
		93E444C01BC0E563006854A1 /* Release */ = {
			isa = XCBuildConfiguration;
			buildSettings = {
				ALWAYS_SEARCH_USER_PATHS = NO;
				CLANG_CXX_LANGUAGE_STANDARD = "gnu++0x";
				CLANG_CXX_LIBRARY = "libc++";
				CLANG_ENABLE_MODULES = YES;
				CLANG_ENABLE_OBJC_ARC = YES;
				CLANG_WARN_BOOL_CONVERSION = YES;
				CLANG_WARN_CONSTANT_CONVERSION = YES;
				CLANG_WARN_DIRECT_OBJC_ISA_USAGE = YES_ERROR;
				CLANG_WARN_EMPTY_BODY = YES;
				CLANG_WARN_ENUM_CONVERSION = YES;
				CLANG_WARN_INT_CONVERSION = YES;
				CLANG_WARN_OBJC_ROOT_CLASS = YES_ERROR;
				CLANG_WARN_UNREACHABLE_CODE = YES;
				CLANG_WARN__DUPLICATE_METHOD_MATCH = YES;
				CODE_SIGN_IDENTITY = "-";
				COPY_PHASE_STRIP = NO;
				DEBUG_INFORMATION_FORMAT = "dwarf-with-dsym";
				ENABLE_NS_ASSERTIONS = NO;
				ENABLE_STRICT_OBJC_MSGSEND = YES;
				GCC_C_LANGUAGE_STANDARD = gnu99;
				GCC_NO_COMMON_BLOCKS = YES;
				GCC_WARN_64_TO_32_BIT_CONVERSION = YES;
				GCC_WARN_ABOUT_RETURN_TYPE = YES_ERROR;
				GCC_WARN_UNDECLARED_SELECTOR = YES;
				GCC_WARN_UNINITIALIZED_AUTOS = YES_AGGRESSIVE;
				GCC_WARN_UNUSED_FUNCTION = YES;
				GCC_WARN_UNUSED_VARIABLE = YES;
				MACOSX_DEPLOYMENT_TARGET = 10.11;
				MTL_ENABLE_DEBUG_INFO = NO;
				SDKROOT = macosx;
			};
			name = Release;
		};
		93E444C21BC0E563006854A1 /* Debug */ = {
			isa = XCBuildConfiguration;
			buildSettings = {
				ASSETCATALOG_COMPILER_APPICON_NAME = AppIcon;
				COMBINE_HIDPI_IMAGES = YES;
				INFOPLIST_FILE = ChineseConverter/Info.plist;
				LD_RUNPATH_SEARCH_PATHS = "$(inherited) @executable_path/../Frameworks";
				MACOSX_DEPLOYMENT_TARGET = 10.9;
				PRODUCT_BUNDLE_IDENTIFIER = TurboExtension.ChineseConverter;
				PRODUCT_NAME = "$(TARGET_NAME)";
			};
			name = Debug;
		};
		93E444C31BC0E563006854A1 /* Release */ = {
			isa = XCBuildConfiguration;
			buildSettings = {
				ASSETCATALOG_COMPILER_APPICON_NAME = AppIcon;
				COMBINE_HIDPI_IMAGES = YES;
				INFOPLIST_FILE = ChineseConverter/Info.plist;
				LD_RUNPATH_SEARCH_PATHS = "$(inherited) @executable_path/../Frameworks";
				MACOSX_DEPLOYMENT_TARGET = 10.9;
				PRODUCT_BUNDLE_IDENTIFIER = TurboExtension.ChineseConverter;
				PRODUCT_NAME = "$(TARGET_NAME)";
			};
			name = Release;
		};
/* End XCBuildConfiguration section */

/* Begin XCConfigurationList section */
		93E444AD1BC0E563006854A1 /* Build configuration list for PBXProject "ChineseConverter" */ = {
			isa = XCConfigurationList;
			buildConfigurations = (
				93E444BF1BC0E563006854A1 /* Debug */,
				93E444C01BC0E563006854A1 /* Release */,
			);
			defaultConfigurationIsVisible = 0;
			defaultConfigurationName = Release;
		};
		93E444C11BC0E563006854A1 /* Build configuration list for PBXNativeTarget "中文转拼音实用工具" */ = {
			isa = XCConfigurationList;
			buildConfigurations = (
				93E444C21BC0E563006854A1 /* Debug */,
				93E444C31BC0E563006854A1 /* Release */,
			);
			defaultConfigurationIsVisible = 0;
			defaultConfigurationName = Release;
		};
/* End XCConfigurationList section */
	};
	rootObject = 93E444AA1BC0E563006854A1 /* Project object */;
}
